{
  "name": "orbital-trading-company",
  "lockfileVersion": 3,
  "requires": true,
  "packages": {
    "": {
      "dependencies": {
        "factoriomod-debug": "^2.1.7"
      }
    },
    "node_modules/factoriomod-debug": {
      "version": "2.1.7",
      "resolved": "https://registry.npmjs.org/factoriomod-debug/-/factoriomod-debug-2.1.7.tgz",
      "integrity": "sha512-W20+5DS08OpX5iZFEbMvRRNG0NXGSwgPkftCOJFOkURah9wZwd2sW1q5bSmlLYYLmLBaDEwjtpFtCABHO3VnyQ==",
      "license": "MIT",
      "bin": {
        "factoriomod-debug": "dist/fmtk-cli.js",
        "fmtk": "dist/fmtk-cli.js"
      },
      "engines": {
        "node": ">=22.7.0",
        "vscode": "^1.120.0"
      }
    }
  }
}
